
Microsoft Visual Studio Solution File, Format Version 12.00
# Visual Studio Version 17
VisualStudioVersion = 17.1.32414.318
MinimumVisualStudioVersion = 10.0.40219.1
Project("{FAE04EC0-301F-11D3-BF4B-00C04F79EFBC}") = "MorseCalculator", "MorseCalculator\MorseCalculator.csproj", "{91387C0B-E50B-4E7A-9F8F-03021877C323}"
EndProject
Global
	GlobalSection(SolutionConfigurationPlatforms) = preSolution
		Debug|Any CPU = Debug|Any CPU
		Release|Any CPU = Release|Any CPU
	EndGlobalSection
	GlobalSection(ProjectConfigurationPlatforms) = postSolution
		{91387C0B-E50B-4E7A-9F8F-03021877C323}.Debug|Any CPU.ActiveCfg = Debug|Any CPU
		{91387C0B-E50B-4E7A-9F8F-03021877C323}.Debug|Any CPU.Build.0 = Debug|Any CPU
		{91387C0B-E50B-4E7A-9F8F-03021877C323}.Release|Any CPU.ActiveCfg = Release|Any CPU
		{91387C0B-E50B-4E7A-9F8F-03021877C323}.Release|Any CPU.Build.0 = Release|Any CPU
	EndGlobalSection
	GlobalSection(SolutionProperties) = preSolution
		HideSolutionNode = FALSE
	EndGlobalSection
	GlobalSection(ExtensibilityGlobals) = postSolution
		SolutionGuid = {CAC258B7-59A0-4CA4-A855-89DE803991F3}
	EndGlobalSection
EndGlobal
